
Microsoft Visual Studio Solution File, Format Version 12.00
# Visual Studio 15
VisualStudioVersion = 15.0.28307.852
MinimumVisualStudioVersion = 10.0.40219.1
Project("{FAE04EC0-301F-11D3-BF4B-00C04F79EFBC}") = "dpState", "dpState\dpState.csproj", "{29A51F2B-0F21-4F53-938D-38905C069490}"
EndProject
Global
	GlobalSection(SolutionConfigurationPlatforms) = preSolution
		Debug|Any CPU = Debug|Any CPU
		Release|Any CPU = Release|Any CPU
	EndGlobalSection
	GlobalSection(ProjectConfigurationPlatforms) = postSolution
		{29A51F2B-0F21-4F53-938D-38905C069490}.Debug|Any CPU.ActiveCfg = Debug|Any CPU
		{29A51F2B-0F21-4F53-938D-38905C069490}.Debug|Any CPU.Build.0 = Debug|Any CPU
		{29A51F2B-0F21-4F53-938D-38905C069490}.Release|Any CPU.ActiveCfg = Release|Any CPU
		{29A51F2B-0F21-4F53-938D-38905C069490}.Release|Any CPU.Build.0 = Release|Any CPU
	EndGlobalSection
	GlobalSection(SolutionProperties) = preSolution
		HideSolutionNode = FALSE
	EndGlobalSection
	GlobalSection(ExtensibilityGlobals) = postSolution
		SolutionGuid = {209458C5-E43F-4D51-9B13-E64021609433}
	EndGlobalSection
EndGlobal
