
Microsoft Visual Studio Solution File, Format Version 12.00
# Visual Studio 15
VisualStudioVersion = 15.0.28307.852
MinimumVisualStudioVersion = 10.0.40219.1
Project("{FAE04EC0-301F-11D3-BF4B-00C04F79EFBC}") = "RecurrsionFib", "RecurrsionFib\RecurrsionFib.csproj", "{441E9412-43B9-42DB-84A8-09B9D56E5496}"
EndProject
Global
	GlobalSection(SolutionConfigurationPlatforms) = preSolution
		Debug|Any CPU = Debug|Any CPU
		Release|Any CPU = Release|Any CPU
	EndGlobalSection
	GlobalSection(ProjectConfigurationPlatforms) = postSolution
		{441E9412-43B9-42DB-84A8-09B9D56E5496}.Debug|Any CPU.ActiveCfg = Debug|Any CPU
		{441E9412-43B9-42DB-84A8-09B9D56E5496}.Debug|Any CPU.Build.0 = Debug|Any CPU
		{441E9412-43B9-42DB-84A8-09B9D56E5496}.Release|Any CPU.ActiveCfg = Release|Any CPU
		{441E9412-43B9-42DB-84A8-09B9D56E5496}.Release|Any CPU.Build.0 = Release|Any CPU
	EndGlobalSection
	GlobalSection(SolutionProperties) = preSolution
		HideSolutionNode = FALSE
	EndGlobalSection
	GlobalSection(ExtensibilityGlobals) = postSolution
		SolutionGuid = {5841BEAE-DA05-4425-A65D-98B6C0EBDA83}
	EndGlobalSection
EndGlobal
